
Microsoft Visual Studio Solution File, Format Version 12.00
# Visual Studio Version 17
VisualStudioVersion = 17.4.33213.308
MinimumVisualStudioVersion = 10.0.40219.1
Project("{8BC9CEB8-8B4A-11D0-8D11-00A0C91BC942}") = "SampleRemoteOpenXR", "SampleRemoteOpenXR.vcxproj", "{D23F03CB-4D5D-367A-9671-A33AC802CCF7}"
EndProject
Global
	GlobalSection(SolutionConfigurationPlatforms) = preSolution
		Debug|x64 = Debug|x64
		Release|x64 = Release|x64
		RelWithDebInfo|x64 = RelWithDebInfo|x64
	EndGlobalSection
	GlobalSection(ProjectConfigurationPlatforms) = postSolution
		{D23F03CB-4D5D-367A-9671-A33AC802CCF7}.Debug|x64.ActiveCfg = Debug|x64
		{D23F03CB-4D5D-367A-9671-A33AC802CCF7}.Debug|x64.Build.0 = Debug|x64
		{D23F03CB-4D5D-367A-9671-A33AC802CCF7}.Debug|x64.Deploy.0 = Debug|x64
		{D23F03CB-4D5D-367A-9671-A33AC802CCF7}.Release|x64.ActiveCfg = Release|x64
		{D23F03CB-4D5D-367A-9671-A33AC802CCF7}.Release|x64.Build.0 = Release|x64
		{D23F03CB-4D5D-367A-9671-A33AC802CCF7}.Release|x64.Deploy.0 = Release|x64
		{D23F03CB-4D5D-367A-9671-A33AC802CCF7}.RelWithDebInfo|x64.ActiveCfg = RelWithDebInfo|x64
		{D23F03CB-4D5D-367A-9671-A33AC802CCF7}.RelWithDebInfo|x64.Build.0 = RelWithDebInfo|x64
		{D23F03CB-4D5D-367A-9671-A33AC802CCF7}.RelWithDebInfo|x64.Deploy.0 = RelWithDebInfo|x64
	EndGlobalSection
	GlobalSection(SolutionProperties) = preSolution
		HideSolutionNode = FALSE
	EndGlobalSection
	GlobalSection(ExtensibilityGlobals) = postSolution
		SolutionGuid = {76313AE8-8A6B-4837-8649-81C867BF70B2}
	EndGlobalSection
EndGlobal

