
Microsoft Visual Studio Solution File, Format Version 12.00
# Visual Studio 15
VisualStudioVersion = 15.0.28307.645
MinimumVisualStudioVersion = 10.0.40219.1
Project("{8BC9CEB8-8B4A-11D0-8D11-00A0C91BC942}") = "HolographicHostSample", "HolographicHostSample.vcxproj", "{8933B2A2-C780-3CC9-8B26-0CCB3E806E54}"
EndProject
Global
	GlobalSection(SolutionConfigurationPlatforms) = preSolution
		Debug|x64 = Debug|x64
		Release|x64 = Release|x64
		RelWithDebInfo|x64 = RelWithDebInfo|x64
	EndGlobalSection
	GlobalSection(ProjectConfigurationPlatforms) = postSolution
		{8933B2A2-C780-3CC9-8B26-0CCB3E806E54}.Debug|x64.ActiveCfg = Debug|x64
		{8933B2A2-C780-3CC9-8B26-0CCB3E806E54}.Debug|x64.Build.0 = Debug|x64
		{8933B2A2-C780-3CC9-8B26-0CCB3E806E54}.Debug|x64.Deploy.0 = Debug|x64
		{8933B2A2-C780-3CC9-8B26-0CCB3E806E54}.Release|x64.ActiveCfg = Release|x64
		{8933B2A2-C780-3CC9-8B26-0CCB3E806E54}.Release|x64.Build.0 = Release|x64
		{8933B2A2-C780-3CC9-8B26-0CCB3E806E54}.Release|x64.Deploy.0 = Release|x64
		{8933B2A2-C780-3CC9-8B26-0CCB3E806E54}.RelWithDebInfo|x64.ActiveCfg = RelWithDebInfo|x64
		{8933B2A2-C780-3CC9-8B26-0CCB3E806E54}.RelWithDebInfo|x64.Build.0 = RelWithDebInfo|x64
		{8933B2A2-C780-3CC9-8B26-0CCB3E806E54}.RelWithDebInfo|x64.Deploy.0 = RelWithDebInfo|x64
	EndGlobalSection
	GlobalSection(SolutionProperties) = preSolution
		HideSolutionNode = FALSE
	EndGlobalSection
	GlobalSection(ExtensibilityGlobals) = postSolution
		SolutionGuid = {E8A3A1EC-E636-40D6-9E3D-C22347CC8162}
	EndGlobalSection
EndGlobal

